NeoBundleLock neobundle.vim c00b40688f335a2e116726c2f8e727fad6f03e4f
NeoBundleLock neocomplete f7d8ac6fd80b699cc36c4f0965469579d968e0ea
NeoBundleLock sudo.vim 060f0250d6f399d1cf9b15eaad3d55b3fbad4b0d
NeoBundleLock unite.vim 76f8177c1ef87f3fdd57af044f109dc03a4047b4
NeoBundleLock vim-coffee-script 32fe889b8cafd3a4921ef8e6485156453ff58c42
NeoBundleLock vim-multiple-cursors 42598788848355097f1b7f1996769da9b5c6267d
NeoBundleLock vim-submode d44a302b3ca97c8014c35c93893ca8fec0b95e4e
NeoBundleLock vimfiler d3ce50204d5255615f965f9ec804667f10c270a1
